
Microsoft Visual Studio Solution File, Format Version 12.00
# Visual Studio 15
VisualStudioVersion = 15.0.28010.2048
MinimumVisualStudioVersion = 10.0.40219.1
Project("{FAE04EC0-301F-11D3-BF4B-00C04F79EFBC}") = "Inheritance 3", "Inheritance 3\Inheritance 3.csproj", "{973C8BAE-FC93-4A0A-833D-EA91DDE45F71}"
EndProject
Global
	GlobalSection(SolutionConfigurationPlatforms) = preSolution
		Debug|Any CPU = Debug|Any CPU
		Release|Any CPU = Release|Any CPU
	EndGlobalSection
	GlobalSection(ProjectConfigurationPlatforms) = postSolution
		{973C8BAE-FC93-4A0A-833D-EA91DDE45F71}.Debug|Any CPU.ActiveCfg = Debug|Any CPU
		{973C8BAE-FC93-4A0A-833D-EA91DDE45F71}.Debug|Any CPU.Build.0 = Debug|Any CPU
		{973C8BAE-FC93-4A0A-833D-EA91DDE45F71}.Release|Any CPU.ActiveCfg = Release|Any CPU
		{973C8BAE-FC93-4A0A-833D-EA91DDE45F71}.Release|Any CPU.Build.0 = Release|Any CPU
	EndGlobalSection
	GlobalSection(SolutionProperties) = preSolution
		HideSolutionNode = FALSE
	EndGlobalSection
	GlobalSection(ExtensibilityGlobals) = postSolution
		SolutionGuid = {63CA7368-9496-4F5F-A1CA-26457EF36993}
	EndGlobalSection
EndGlobal
